{
   "name": "assignment-1-el-dringo-brannde",
   "version": "1.0.0",
   "lockfileVersion": 1,
   "requires": true,
   "dependencies": {
      "express-decorators": {
         "version": "1.2.1",
         "resolved": "https://registry.npmjs.org/express-decorators/-/express-decorators-1.2.1.tgz",
         "integrity": "sha512-fePjQLkSRibE56OZzNjngFTjkPftWmgpKIEx66QByeJEQSKw8oKtv9+9lulVY3qCumvAIHwi+OGuCcFJSeaEWQ==",
         "requires": {
            "reflect-metadata": "0.1.12"
         }
      },
      "reflect-metadata": {
         "version": "0.1.12",
         "resolved": "https://registry.npmjs.org/reflect-metadata/-/reflect-metadata-0.1.12.tgz",
         "integrity": "sha512-n+IyV+nGz3+0q3/Yf1ra12KpCyi001bi4XFxSjbiWWjfqb52iTTtpGXmCCAOWWIAn9KEuFZKGqBERHmrtScZ3A=="
      }
   }
}
